// !$*UTF8*$!
{
	archiveVersion = 1;
	classes = {
	};
	objectVersion = 56;
	objects = {

/* Begin PBXBuildFile section */
		15FAA9E02C4DB596008B56EC /* WB_HomeWorkApp.swift in Sources */ = {isa = PBXBuildFile; fileRef = 15FAA9DF2C4DB596008B56EC /* WB_HomeWorkApp.swift */; };
		15FAA9E22C4DB596008B56EC /* ContentView.swift in Sources */ = {isa = PBXBuildFile; fileRef = 15FAA9E12C4DB596008B56EC /* ContentView.swift */; };
		15FAA9E42C4DB599008B56EC /* Assets.xcassets in Resources */ = {isa = PBXBuildFile; fileRef = 15FAA9E32C4DB599008B56EC /* Assets.xcassets */; };
		15FAA9E72C4DB599008B56EC /* Preview Assets.xcassets in Resources */ = {isa = PBXBuildFile; fileRef = 15FAA9E62C4DB599008B56EC /* Preview Assets.xcassets */; };
		15FAA9F72C4DC9CC008B56EC /* Montserrat-Medium.ttf in Resources */ = {isa = PBXBuildFile; fileRef = 15FAA9F02C4DC9CC008B56EC /* Montserrat-Medium.ttf */; };
		15FAA9F82C4DC9CC008B56EC /* Montserrat-Light.ttf in Resources */ = {isa = PBXBuildFile; fileRef = 15FAA9F12C4DC9CC008B56EC /* Montserrat-Light.ttf */; };
		15FAA9F92C4DC9CC008B56EC /* Montserrat-ExtraLight.ttf in Resources */ = {isa = PBXBuildFile; fileRef = 15FAA9F22C4DC9CC008B56EC /* Montserrat-ExtraLight.ttf */; };
		15FAA9FA2C4DC9CC008B56EC /* Montserrat-Thin.ttf in Resources */ = {isa = PBXBuildFile; fileRef = 15FAA9F32C4DC9CC008B56EC /* Montserrat-Thin.ttf */; };
		15FAA9FB2C4DC9CC008B56EC /* Montserrat-Bold.ttf in Resources */ = {isa = PBXBuildFile; fileRef = 15FAA9F42C4DC9CC008B56EC /* Montserrat-Bold.ttf */; };
		15FAA9FC2C4DC9CC008B56EC /* Montserrat-SemiBold.ttf in Resources */ = {isa = PBXBuildFile; fileRef = 15FAA9F52C4DC9CC008B56EC /* Montserrat-SemiBold.ttf */; };
		15FAA9FD2C4DC9CC008B56EC /* Montserrat-Regular.ttf in Resources */ = {isa = PBXBuildFile; fileRef = 15FAA9F62C4DC9CC008B56EC /* Montserrat-Regular.ttf */; };
		15FAAA022C4DCAD8008B56EC /* Color+Extensions.swift in Sources */ = {isa = PBXBuildFile; fileRef = 15FAAA002C4DCAD8008B56EC /* Color+Extensions.swift */; };
		15FAAA032C4DCAD8008B56EC /* Font+Extensions.swift in Sources */ = {isa = PBXBuildFile; fileRef = 15FAAA012C4DCAD8008B56EC /* Font+Extensions.swift */; };
		15FAAA062C4DCDE3008B56EC /* BackgroundView.swift in Sources */ = {isa = PBXBuildFile; fileRef = 15FAAA052C4DCDE3008B56EC /* BackgroundView.swift */; };
		15FAAA092C4DD1E5008B56EC /* OneTimeCodeViewModel.swift in Sources */ = {isa = PBXBuildFile; fileRef = 15FAAA082C4DD1E5008B56EC /* OneTimeCodeViewModel.swift */; };
		15FAAA0F2C4DD270008B56EC /* CodeInputFieldView.swift in Sources */ = {isa = PBXBuildFile; fileRef = 15FAAA0B2C4DD270008B56EC /* CodeInputFieldView.swift */; };
		15FAAA102C4DD270008B56EC /* PhoneNumberView.swift in Sources */ = {isa = PBXBuildFile; fileRef = 15FAAA0C2C4DD270008B56EC /* PhoneNumberView.swift */; };
		15FAAA112C4DD270008B56EC /* CodeInputView.swift in Sources */ = {isa = PBXBuildFile; fileRef = 15FAAA0D2C4DD270008B56EC /* CodeInputView.swift */; };
		15FAAA122C4DD270008B56EC /* AuthCodeView.swift in Sources */ = {isa = PBXBuildFile; fileRef = 15FAAA0E2C4DD270008B56EC /* AuthCodeView.swift */; };
		15FAAA142C4DE105008B56EC /* CountdownView.swift in Sources */ = {isa = PBXBuildFile; fileRef = 15FAAA132C4DE105008B56EC /* CountdownView.swift */; };
		15FAAA162C4DE5E0008B56EC /* CountdownViewModel.swift in Sources */ = {isa = PBXBuildFile; fileRef = 15FAAA152C4DE5E0008B56EC /* CountdownViewModel.swift */; };
		15FAAA1B2C4F49E6008B56EC /* PhoneInputView.swift in Sources */ = {isa = PBXBuildFile; fileRef = 15FAAA182C4F49E5008B56EC /* PhoneInputView.swift */; };
		15FAAA1C2C4F49E6008B56EC /* PhoneTextFieldView.swift in Sources */ = {isa = PBXBuildFile; fileRef = 15FAAA192C4F49E5008B56EC /* PhoneTextFieldView.swift */; };
		15FAAA1D2C4F49E6008B56EC /* AuthPhoneView.swift in Sources */ = {isa = PBXBuildFile; fileRef = 15FAAA1A2C4F49E5008B56EC /* AuthPhoneView.swift */; };
		15FAAA1F2C4F4C5C008B56EC /* View+Extensions.swift in Sources */ = {isa = PBXBuildFile; fileRef = 15FAAA1E2C4F4C5B008B56EC /* View+Extensions.swift */; };
		15FAAA222C4F52AC008B56EC /* CustomVStackModifier.swift in Sources */ = {isa = PBXBuildFile; fileRef = 15FAAA212C4F52AC008B56EC /* CustomVStackModifier.swift */; };
		15FAAA252C4F55BC008B56EC /* AccentButton.swift in Sources */ = {isa = PBXBuildFile; fileRef = 15FAAA242C4F55BC008B56EC /* AccentButton.swift */; };
		15FAAA282C4F6339008B56EC /* NavigationTypes.swift in Sources */ = {isa = PBXBuildFile; fileRef = 15FAAA272C4F6339008B56EC /* NavigationTypes.swift */; };
		15FAAA2A2C4F641B008B56EC /* NavigationActions.swift in Sources */ = {isa = PBXBuildFile; fileRef = 15FAAA292C4F641B008B56EC /* NavigationActions.swift */; };
		15FAAA2C2C4F65B5008B56EC /* NavigationExample.swift in Sources */ = {isa = PBXBuildFile; fileRef = 15FAAA2B2C4F65B5008B56EC /* NavigationExample.swift */; };
		15FAAA2E2C4F6E39008B56EC /* NavigationExampleScreens.swift in Sources */ = {isa = PBXBuildFile; fileRef = 15FAAA2D2C4F6E39008B56EC /* NavigationExampleScreens.swift */; };
/* End PBXBuildFile section */

/* Begin PBXFileReference section */
		15FAA9DC2C4DB596008B56EC /* WB_HomeWork.app */ = {isa = PBXFileReference; explicitFileType = wrapper.application; includeInIndex = 0; path = WB_HomeWork.app; sourceTree = BUILT_PRODUCTS_DIR; };
		15FAA9DF2C4DB596008B56EC /* WB_HomeWorkApp.swift */ = {isa = PBXFileReference; lastKnownFileType = sourcecode.swift; path = WB_HomeWorkApp.swift; sourceTree = "<group>"; };
		15FAA9E12C4DB596008B56EC /* ContentView.swift */ = {isa = PBXFileReference; lastKnownFileType = sourcecode.swift; path = ContentView.swift; sourceTree = "<group>"; };
		15FAA9E32C4DB599008B56EC /* Assets.xcassets */ = {isa = PBXFileReference; lastKnownFileType = folder.assetcatalog; path = Assets.xcassets; sourceTree = "<group>"; };
		15FAA9E62C4DB599008B56EC /* Preview Assets.xcassets */ = {isa = PBXFileReference; lastKnownFileType = folder.assetcatalog; path = "Preview Assets.xcassets"; sourceTree = "<group>"; };
		15FAA9F02C4DC9CC008B56EC /* Montserrat-Medium.ttf */ = {isa = PBXFileReference; lastKnownFileType = file; path = "Montserrat-Medium.ttf"; sourceTree = "<group>"; };
		15FAA9F12C4DC9CC008B56EC /* Montserrat-Light.ttf */ = {isa = PBXFileReference; lastKnownFileType = file; path = "Montserrat-Light.ttf"; sourceTree = "<group>"; };
		15FAA9F22C4DC9CC008B56EC /* Montserrat-ExtraLight.ttf */ = {isa = PBXFileReference; lastKnownFileType = file; path = "Montserrat-ExtraLight.ttf"; sourceTree = "<group>"; };
		15FAA9F32C4DC9CC008B56EC /* Montserrat-Thin.ttf */ = {isa = PBXFileReference; lastKnownFileType = file; path = "Montserrat-Thin.ttf"; sourceTree = "<group>"; };
		15FAA9F42C4DC9CC008B56EC /* Montserrat-Bold.ttf */ = {isa = PBXFileReference; lastKnownFileType = file; path = "Montserrat-Bold.ttf"; sourceTree = "<group>"; };
		15FAA9F52C4DC9CC008B56EC /* Montserrat-SemiBold.ttf */ = {isa = PBXFileReference; lastKnownFileType = file; path = "Montserrat-SemiBold.ttf"; sourceTree = "<group>"; };
		15FAA9F62C4DC9CC008B56EC /* Montserrat-Regular.ttf */ = {isa = PBXFileReference; lastKnownFileType = file; path = "Montserrat-Regular.ttf"; sourceTree = "<group>"; };
		15FAA9FE2C4DCA1B008B56EC /* WB-HomeWork-Info.plist */ = {isa = PBXFileReference; lastKnownFileType = text.plist; path = "WB-HomeWork-Info.plist"; sourceTree = SOURCE_ROOT; };
		15FAAA002C4DCAD8008B56EC /* Color+Extensions.swift */ = {isa = PBXFileReference; fileEncoding = 4; lastKnownFileType = sourcecode.swift; path = "Color+Extensions.swift"; sourceTree = "<group>"; };
		15FAAA012C4DCAD8008B56EC /* Font+Extensions.swift */ = {isa = PBXFileReference; fileEncoding = 4; lastKnownFileType = sourcecode.swift; path = "Font+Extensions.swift"; sourceTree = "<group>"; };
		15FAAA052C4DCDE3008B56EC /* BackgroundView.swift */ = {isa = PBXFileReference; fileEncoding = 4; lastKnownFileType = sourcecode.swift; path = BackgroundView.swift; sourceTree = "<group>"; };
		15FAAA082C4DD1E5008B56EC /* OneTimeCodeViewModel.swift */ = {isa = PBXFileReference; fileEncoding = 4; lastKnownFileType = sourcecode.swift; path = OneTimeCodeViewModel.swift; sourceTree = "<group>"; };
		15FAAA0B2C4DD270008B56EC /* CodeInputFieldView.swift */ = {isa = PBXFileReference; fileEncoding = 4; lastKnownFileType = sourcecode.swift; path = CodeInputFieldView.swift; sourceTree = "<group>"; };
		15FAAA0C2C4DD270008B56EC /* PhoneNumberView.swift */ = {isa = PBXFileReference; fileEncoding = 4; lastKnownFileType = sourcecode.swift; path = PhoneNumberView.swift; sourceTree = "<group>"; };
		15FAAA0D2C4DD270008B56EC /* CodeInputView.swift */ = {isa = PBXFileReference; fileEncoding = 4; lastKnownFileType = sourcecode.swift; path = CodeInputView.swift; sourceTree = "<group>"; };
		15FAAA0E2C4DD270008B56EC /* AuthCodeView.swift */ = {isa = PBXFileReference; fileEncoding = 4; lastKnownFileType = sourcecode.swift; path = AuthCodeView.swift; sourceTree = "<group>"; };
		15FAAA132C4DE105008B56EC /* CountdownView.swift */ = {isa = PBXFileReference; lastKnownFileType = sourcecode.swift; path = CountdownView.swift; sourceTree = "<group>"; };
		15FAAA152C4DE5E0008B56EC /* CountdownViewModel.swift */ = {isa = PBXFileReference; lastKnownFileType = sourcecode.swift; path = CountdownViewModel.swift; sourceTree = "<group>"; };
		15FAAA182C4F49E5008B56EC /* PhoneInputView.swift */ = {isa = PBXFileReference; fileEncoding = 4; lastKnownFileType = sourcecode.swift; path = PhoneInputView.swift; sourceTree = "<group>"; };
		15FAAA192C4F49E5008B56EC /* PhoneTextFieldView.swift */ = {isa = PBXFileReference; fileEncoding = 4; lastKnownFileType = sourcecode.swift; path = PhoneTextFieldView.swift; sourceTree = "<group>"; };
		15FAAA1A2C4F49E5008B56EC /* AuthPhoneView.swift */ = {isa = PBXFileReference; fileEncoding = 4; lastKnownFileType = sourcecode.swift; path = AuthPhoneView.swift; sourceTree = "<group>"; };
		15FAAA1E2C4F4C5B008B56EC /* View+Extensions.swift */ = {isa = PBXFileReference; lastKnownFileType = sourcecode.swift; path = "View+Extensions.swift"; sourceTree = "<group>"; };
		15FAAA212C4F52AC008B56EC /* CustomVStackModifier.swift */ = {isa = PBXFileReference; lastKnownFileType = sourcecode.swift; path = CustomVStackModifier.swift; sourceTree = "<group>"; };
		15FAAA242C4F55BC008B56EC /* AccentButton.swift */ = {isa = PBXFileReference; lastKnownFileType = sourcecode.swift; path = AccentButton.swift; sourceTree = "<group>"; };
		15FAAA272C4F6339008B56EC /* NavigationTypes.swift */ = {isa = PBXFileReference; lastKnownFileType = sourcecode.swift; path = NavigationTypes.swift; sourceTree = "<group>"; };
		15FAAA292C4F641B008B56EC /* NavigationActions.swift */ = {isa = PBXFileReference; lastKnownFileType = sourcecode.swift; path = NavigationActions.swift; sourceTree = "<group>"; };
		15FAAA2B2C4F65B5008B56EC /* NavigationExample.swift */ = {isa = PBXFileReference; lastKnownFileType = sourcecode.swift; path = NavigationExample.swift; sourceTree = "<group>"; };
		15FAAA2D2C4F6E39008B56EC /* NavigationExampleScreens.swift */ = {isa = PBXFileReference; lastKnownFileType = sourcecode.swift; path = NavigationExampleScreens.swift; sourceTree = "<group>"; };
/* End PBXFileReference section */

/* Begin PBXFrameworksBuildPhase section */
		15FAA9D92C4DB596008B56EC /* Frameworks */ = {
			isa = PBXFrameworksBuildPhase;
			buildActionMask = 2147483647;
			files = (
			);
			runOnlyForDeploymentPostprocessing = 0;
		};
/* End PBXFrameworksBuildPhase section */

/* Begin PBXGroup section */
		15FAA9D32C4DB596008B56EC = {
			isa = PBXGroup;
			children = (
				15FAA9DE2C4DB596008B56EC /* WB_HomeWork */,
				15FAA9DD2C4DB596008B56EC /* Products */,
			);
			sourceTree = "<group>";
		};
		15FAA9DD2C4DB596008B56EC /* Products */ = {
			isa = PBXGroup;
			children = (
				15FAA9DC2C4DB596008B56EC /* WB_HomeWork.app */,
			);
			name = Products;
			sourceTree = "<group>";
		};
		15FAA9DE2C4DB596008B56EC /* WB_HomeWork */ = {
			isa = PBXGroup;
			children = (
				15FAA9FE2C4DCA1B008B56EC /* WB-HomeWork-Info.plist */,
				15FAA9EE2C4DC9AB008B56EC /* Resource */,
				15FAA9ED2C4DC9A2008B56EC /* Source */,
				15FAA9DF2C4DB596008B56EC /* WB_HomeWorkApp.swift */,
				15FAA9E12C4DB596008B56EC /* ContentView.swift */,
				15FAA9E32C4DB599008B56EC /* Assets.xcassets */,
				15FAA9E52C4DB599008B56EC /* Preview Content */,
			);
			path = WB_HomeWork;
			sourceTree = "<group>";
		};
		15FAA9E52C4DB599008B56EC /* Preview Content */ = {
			isa = PBXGroup;
			children = (
				15FAA9E62C4DB599008B56EC /* Preview Assets.xcassets */,
			);
			path = "Preview Content";
			sourceTree = "<group>";
		};
		15FAA9ED2C4DC9A2008B56EC /* Source */ = {
			isa = PBXGroup;
			children = (
				15FAAA262C4F6325008B56EC /* Navigation */,
				15FAAA202C4F529D008B56EC /* Modifiers */,
				15FAAA072C4DD1E5008B56EC /* ViewModels */,
				15FAAA042C4DCDD7008B56EC /* Views */,
				15FAA9FF2C4DCAD8008B56EC /* Extensions */,
			);
			path = Source;
			sourceTree = "<group>";
		};
		15FAA9EE2C4DC9AB008B56EC /* Resource */ = {
			isa = PBXGroup;
			children = (
				15FAA9EF2C4DC9CC008B56EC /* Fonts */,
			);
			path = Resource;
			sourceTree = "<group>";
		};
		15FAA9EF2C4DC9CC008B56EC /* Fonts */ = {
			isa = PBXGroup;
			children = (
				15FAA9F02C4DC9CC008B56EC /* Montserrat-Medium.ttf */,
				15FAA9F12C4DC9CC008B56EC /* Montserrat-Light.ttf */,
				15FAA9F22C4DC9CC008B56EC /* Montserrat-ExtraLight.ttf */,
				15FAA9F32C4DC9CC008B56EC /* Montserrat-Thin.ttf */,
				15FAA9F42C4DC9CC008B56EC /* Montserrat-Bold.ttf */,
				15FAA9F52C4DC9CC008B56EC /* Montserrat-SemiBold.ttf */,
				15FAA9F62C4DC9CC008B56EC /* Montserrat-Regular.ttf */,
			);
			path = Fonts;
			sourceTree = "<group>";
		};
		15FAA9FF2C4DCAD8008B56EC /* Extensions */ = {
			isa = PBXGroup;
			children = (
				15FAAA002C4DCAD8008B56EC /* Color+Extensions.swift */,
				15FAAA012C4DCAD8008B56EC /* Font+Extensions.swift */,
				15FAAA1E2C4F4C5B008B56EC /* View+Extensions.swift */,
			);
			path = Extensions;
			sourceTree = "<group>";
		};
		15FAAA042C4DCDD7008B56EC /* Views */ = {
			isa = PBXGroup;
			children = (
				15FAAA172C4F49E5008B56EC /* PhoneInputFlow */,
				15FAAA0A2C4DD270008B56EC /* CodeInputFlow */,
				15FAAA052C4DCDE3008B56EC /* BackgroundView.swift */,
				15FAAA242C4F55BC008B56EC /* AccentButton.swift */,
			);
			path = Views;
			sourceTree = "<group>";
		};
		15FAAA072C4DD1E5008B56EC /* ViewModels */ = {
			isa = PBXGroup;
			children = (
				15FAAA082C4DD1E5008B56EC /* OneTimeCodeViewModel.swift */,
				15FAAA152C4DE5E0008B56EC /* CountdownViewModel.swift */,
			);
			path = ViewModels;
			sourceTree = "<group>";
		};
		15FAAA0A2C4DD270008B56EC /* CodeInputFlow */ = {
			isa = PBXGroup;
			children = (
				15FAAA0B2C4DD270008B56EC /* CodeInputFieldView.swift */,
				15FAAA0C2C4DD270008B56EC /* PhoneNumberView.swift */,
				15FAAA0D2C4DD270008B56EC /* CodeInputView.swift */,
				15FAAA0E2C4DD270008B56EC /* AuthCodeView.swift */,
				15FAAA132C4DE105008B56EC /* CountdownView.swift */,
			);
			path = CodeInputFlow;
			sourceTree = "<group>";
		};
		15FAAA172C4F49E5008B56EC /* PhoneInputFlow */ = {
			isa = PBXGroup;
			children = (
				15FAAA182C4F49E5008B56EC /* PhoneInputView.swift */,
				15FAAA192C4F49E5008B56EC /* PhoneTextFieldView.swift */,
				15FAAA1A2C4F49E5008B56EC /* AuthPhoneView.swift */,
			);
			path = PhoneInputFlow;
			sourceTree = "<group>";
		};
		15FAAA202C4F529D008B56EC /* Modifiers */ = {
			isa = PBXGroup;
			children = (
				15FAAA212C4F52AC008B56EC /* CustomVStackModifier.swift */,
			);
			path = Modifiers;
			sourceTree = "<group>";
		};
		15FAAA262C4F6325008B56EC /* Navigation */ = {
			isa = PBXGroup;
			children = (
				15FAAA272C4F6339008B56EC /* NavigationTypes.swift */,
				15FAAA292C4F641B008B56EC /* NavigationActions.swift */,
				15FAAA2B2C4F65B5008B56EC /* NavigationExample.swift */,
				15FAAA2D2C4F6E39008B56EC /* NavigationExampleScreens.swift */,
			);
			path = Navigation;
			sourceTree = "<group>";
		};
/* End PBXGroup section */

/* Begin PBXNativeTarget section */
		15FAA9DB2C4DB596008B56EC /* WB_HomeWork */ = {
			isa = PBXNativeTarget;
			buildConfigurationList = 15FAA9EA2C4DB599008B56EC /* Build configuration list for PBXNativeTarget "WB_HomeWork" */;
			buildPhases = (
				15FAA9D82C4DB596008B56EC /* Sources */,
				15FAA9D92C4DB596008B56EC /* Frameworks */,
				15FAA9DA2C4DB596008B56EC /* Resources */,
			);
			buildRules = (
			);
			dependencies = (
			);
			name = WB_HomeWork;
			productName = WB_HomeWork;
			productReference = 15FAA9DC2C4DB596008B56EC /* WB_HomeWork.app */;
			productType = "com.apple.product-type.application";
		};
/* End PBXNativeTarget section */

/* Begin PBXProject section */
		15FAA9D42C4DB596008B56EC /* Project object */ = {
			isa = PBXProject;
			attributes = {
				BuildIndependentTargetsInParallel = 1;
				LastSwiftUpdateCheck = 1500;
				LastUpgradeCheck = 1500;
				TargetAttributes = {
					15FAA9DB2C4DB596008B56EC = {
						CreatedOnToolsVersion = 15.0;
					};
				};
			};
			buildConfigurationList = 15FAA9D72C4DB596008B56EC /* Build configuration list for PBXProject "WB_HomeWork" */;
			compatibilityVersion = "Xcode 14.0";
			developmentRegion = en;
			hasScannedForEncodings = 0;
			knownRegions = (
				en,
				Base,
			);
			mainGroup = 15FAA9D32C4DB596008B56EC;
			productRefGroup = 15FAA9DD2C4DB596008B56EC /* Products */;
			projectDirPath = "";
			projectRoot = "";
			targets = (
				15FAA9DB2C4DB596008B56EC /* WB_HomeWork */,
			);
		};
/* End PBXProject section */

/* Begin PBXResourcesBuildPhase section */
		15FAA9DA2C4DB596008B56EC /* Resources */ = {
			isa = PBXResourcesBuildPhase;
			buildActionMask = 2147483647;
			files = (
				15FAA9FD2C4DC9CC008B56EC /* Montserrat-Regular.ttf in Resources */,
				15FAA9F82C4DC9CC008B56EC /* Montserrat-Light.ttf in Resources */,
				15FAA9E72C4DB599008B56EC /* Preview Assets.xcassets in Resources */,
				15FAA9F72C4DC9CC008B56EC /* Montserrat-Medium.ttf in Resources */,
				15FAA9E42C4DB599008B56EC /* Assets.xcassets in Resources */,
				15FAA9FA2C4DC9CC008B56EC /* Montserrat-Thin.ttf in Resources */,
				15FAA9F92C4DC9CC008B56EC /* Montserrat-ExtraLight.ttf in Resources */,
				15FAA9FC2C4DC9CC008B56EC /* Montserrat-SemiBold.ttf in Resources */,
				15FAA9FB2C4DC9CC008B56EC /* Montserrat-Bold.ttf in Resources */,
			);
			runOnlyForDeploymentPostprocessing = 0;
		};
/* End PBXResourcesBuildPhase section */

/* Begin PBXSourcesBuildPhase section */
		15FAA9D82C4DB596008B56EC /* Sources */ = {
			isa = PBXSourcesBuildPhase;
			buildActionMask = 2147483647;
			files = (
				15FAAA142C4DE105008B56EC /* CountdownView.swift in Sources */,
				15FAAA2C2C4F65B5008B56EC /* NavigationExample.swift in Sources */,
				15FAAA1B2C4F49E6008B56EC /* PhoneInputView.swift in Sources */,
				15FAAA112C4DD270008B56EC /* CodeInputView.swift in Sources */,
				15FAAA062C4DCDE3008B56EC /* BackgroundView.swift in Sources */,
				15FAAA222C4F52AC008B56EC /* CustomVStackModifier.swift in Sources */,
				15FAA9E22C4DB596008B56EC /* ContentView.swift in Sources */,
				15FAAA162C4DE5E0008B56EC /* CountdownViewModel.swift in Sources */,
				15FAAA1F2C4F4C5C008B56EC /* View+Extensions.swift in Sources */,
				15FAAA1D2C4F49E6008B56EC /* AuthPhoneView.swift in Sources */,
				15FAAA022C4DCAD8008B56EC /* Color+Extensions.swift in Sources */,
				15FAAA0F2C4DD270008B56EC /* CodeInputFieldView.swift in Sources */,
				15FAAA122C4DD270008B56EC /* AuthCodeView.swift in Sources */,
				15FAAA092C4DD1E5008B56EC /* OneTimeCodeViewModel.swift in Sources */,
				15FAAA032C4DCAD8008B56EC /* Font+Extensions.swift in Sources */,
				15FAAA102C4DD270008B56EC /* PhoneNumberView.swift in Sources */,
				15FAAA282C4F6339008B56EC /* NavigationTypes.swift in Sources */,
				15FAAA252C4F55BC008B56EC /* AccentButton.swift in Sources */,
				15FAAA2E2C4F6E39008B56EC /* NavigationExampleScreens.swift in Sources */,
				15FAA9E02C4DB596008B56EC /* WB_HomeWorkApp.swift in Sources */,
				15FAAA1C2C4F49E6008B56EC /* PhoneTextFieldView.swift in Sources */,
				15FAAA2A2C4F641B008B56EC /* NavigationActions.swift in Sources */,
			);
			runOnlyForDeploymentPostprocessing = 0;
		};
/* End PBXSourcesBuildPhase section */

/* Begin XCBuildConfiguration section */
		15FAA9E82C4DB599008B56EC /* Debug */ = {
			isa = XCBuildConfiguration;
			buildSettings = {
				ALWAYS_SEARCH_USER_PATHS = NO;
				ASSETCATALOG_COMPILER_GENERATE_SWIFT_ASSET_SYMBOL_EXTENSIONS = YES;
				CLANG_ANALYZER_NONNULL = YES;
				CLANG_ANALYZER_NUMBER_OBJECT_CONVERSION = YES_AGGRESSIVE;
				CLANG_CXX_LANGUAGE_STANDARD = "gnu++20";
				CLANG_ENABLE_MODULES = YES;
				CLANG_ENABLE_OBJC_ARC = YES;
				CLANG_ENABLE_OBJC_WEAK = YES;
				CLANG_WARN_BLOCK_CAPTURE_AUTORELEASING = YES;
				CLANG_WARN_BOOL_CONVERSION = YES;
				CLANG_WARN_COMMA = YES;
				CLANG_WARN_CONSTANT_CONVERSION = YES;
				CLANG_WARN_DEPRECATED_OBJC_IMPLEMENTATIONS = YES;
				CLANG_WARN_DIRECT_OBJC_ISA_USAGE = YES_ERROR;
				CLANG_WARN_DOCUMENTATION_COMMENTS = YES;
				CLANG_WARN_EMPTY_BODY = YES;
				CLANG_WARN_ENUM_CONVERSION = YES;
				CLANG_WARN_INFINITE_RECURSION = YES;
				CLANG_WARN_INT_CONVERSION = YES;
				CLANG_WARN_NON_LITERAL_NULL_CONVERSION = YES;
				CLANG_WARN_OBJC_IMPLICIT_RETAIN_SELF = YES;
				CLANG_WARN_OBJC_LITERAL_CONVERSION = YES;
				CLANG_WARN_OBJC_ROOT_CLASS = YES_ERROR;
				CLANG_WARN_QUOTED_INCLUDE_IN_FRAMEWORK_HEADER = YES;
				CLANG_WARN_RANGE_LOOP_ANALYSIS = YES;
				CLANG_WARN_STRICT_PROTOTYPES = YES;
				CLANG_WARN_SUSPICIOUS_MOVE = YES;
				CLANG_WARN_UNGUARDED_AVAILABILITY = YES_AGGRESSIVE;
				CLANG_WARN_UNREACHABLE_CODE = YES;
				CLANG_WARN__DUPLICATE_METHOD_MATCH = YES;
				COPY_PHASE_STRIP = NO;
				DEBUG_INFORMATION_FORMAT = dwarf;
				ENABLE_STRICT_OBJC_MSGSEND = YES;
				ENABLE_TESTABILITY = YES;
				ENABLE_USER_SCRIPT_SANDBOXING = YES;
				GCC_C_LANGUAGE_STANDARD = gnu17;
				GCC_DYNAMIC_NO_PIC = NO;
				GCC_NO_COMMON_BLOCKS = YES;
				GCC_OPTIMIZATION_LEVEL = 0;
				GCC_PREPROCESSOR_DEFINITIONS = (
					"DEBUG=1",
					"$(inherited)",
				);
				GCC_WARN_64_TO_32_BIT_CONVERSION = YES;
				GCC_WARN_ABOUT_RETURN_TYPE = YES_ERROR;
				GCC_WARN_UNDECLARED_SELECTOR = YES;
				GCC_WARN_UNINITIALIZED_AUTOS = YES_AGGRESSIVE;
				GCC_WARN_UNUSED_FUNCTION = YES;
				GCC_WARN_UNUSED_VARIABLE = YES;
				IPHONEOS_DEPLOYMENT_TARGET = 17.0;
				LOCALIZATION_PREFERS_STRING_CATALOGS = YES;
				MTL_ENABLE_DEBUG_INFO = INCLUDE_SOURCE;
				MTL_FAST_MATH = YES;
				ONLY_ACTIVE_ARCH = YES;
				SDKROOT = iphoneos;
				SWIFT_ACTIVE_COMPILATION_CONDITIONS = "DEBUG $(inherited)";
				SWIFT_OPTIMIZATION_LEVEL = "-Onone";
			};
			name = Debug;
		};
		15FAA9E92C4DB599008B56EC /* Release */ = {
			isa = XCBuildConfiguration;
			buildSettings = {
				ALWAYS_SEARCH_USER_PATHS = NO;
				ASSETCATALOG_COMPILER_GENERATE_SWIFT_ASSET_SYMBOL_EXTENSIONS = YES;
				CLANG_ANALYZER_NONNULL = YES;
				CLANG_ANALYZER_NUMBER_OBJECT_CONVERSION = YES_AGGRESSIVE;
				CLANG_CXX_LANGUAGE_STANDARD = "gnu++20";
				CLANG_ENABLE_MODULES = YES;
				CLANG_ENABLE_OBJC_ARC = YES;
				CLANG_ENABLE_OBJC_WEAK = YES;
				CLANG_WARN_BLOCK_CAPTURE_AUTORELEASING = YES;
				CLANG_WARN_BOOL_CONVERSION = YES;
				CLANG_WARN_COMMA = YES;
				CLANG_WARN_CONSTANT_CONVERSION = YES;
				CLANG_WARN_DEPRECATED_OBJC_IMPLEMENTATIONS = YES;
				CLANG_WARN_DIRECT_OBJC_ISA_USAGE = YES_ERROR;
				CLANG_WARN_DOCUMENTATION_COMMENTS = YES;
				CLANG_WARN_EMPTY_BODY = YES;
				CLANG_WARN_ENUM_CONVERSION = YES;
				CLANG_WARN_INFINITE_RECURSION = YES;
				CLANG_WARN_INT_CONVERSION = YES;
				CLANG_WARN_NON_LITERAL_NULL_CONVERSION = YES;
				CLANG_WARN_OBJC_IMPLICIT_RETAIN_SELF = YES;
				CLANG_WARN_OBJC_LITERAL_CONVERSION = YES;
				CLANG_WARN_OBJC_ROOT_CLASS = YES_ERROR;
				CLANG_WARN_QUOTED_INCLUDE_IN_FRAMEWORK_HEADER = YES;
				CLANG_WARN_RANGE_LOOP_ANALYSIS = YES;
				CLANG_WARN_STRICT_PROTOTYPES = YES;
				CLANG_WARN_SUSPICIOUS_MOVE = YES;
				CLANG_WARN_UNGUARDED_AVAILABILITY = YES_AGGRESSIVE;
				CLANG_WARN_UNREACHABLE_CODE = YES;
				CLANG_WARN__DUPLICATE_METHOD_MATCH = YES;
				COPY_PHASE_STRIP = NO;
				DEBUG_INFORMATION_FORMAT = "dwarf-with-dsym";
				ENABLE_NS_ASSERTIONS = NO;
				ENABLE_STRICT_OBJC_MSGSEND = YES;
				ENABLE_USER_SCRIPT_SANDBOXING = YES;
				GCC_C_LANGUAGE_STANDARD = gnu17;
				GCC_NO_COMMON_BLOCKS = YES;
				GCC_WARN_64_TO_32_BIT_CONVERSION = YES;
				GCC_WARN_ABOUT_RETURN_TYPE = YES_ERROR;
				GCC_WARN_UNDECLARED_SELECTOR = YES;
				GCC_WARN_UNINITIALIZED_AUTOS = YES_AGGRESSIVE;
				GCC_WARN_UNUSED_FUNCTION = YES;
				GCC_WARN_UNUSED_VARIABLE = YES;
				IPHONEOS_DEPLOYMENT_TARGET = 17.0;
				LOCALIZATION_PREFERS_STRING_CATALOGS = YES;
				MTL_ENABLE_DEBUG_INFO = NO;
				MTL_FAST_MATH = YES;
				SDKROOT = iphoneos;
				SWIFT_COMPILATION_MODE = wholemodule;
				VALIDATE_PRODUCT = YES;
			};
			name = Release;
		};
		15FAA9EB2C4DB599008B56EC /* Debug */ = {
			isa = XCBuildConfiguration;
			buildSettings = {
				ASSETCATALOG_COMPILER_APPICON_NAME = AppIcon;
				ASSETCATALOG_COMPILER_GLOBAL_ACCENT_COLOR_NAME = AccentColor;
				CODE_SIGN_STYLE = Automatic;
				CURRENT_PROJECT_VERSION = 1;
				DEVELOPMENT_ASSET_PATHS = "\"WB_HomeWork/Preview Content\"";
				DEVELOPMENT_TEAM = WM2J5647TH;
				ENABLE_PREVIEWS = YES;
				GENERATE_INFOPLIST_FILE = YES;
				INFOPLIST_FILE = "WB-HomeWork-Info.plist";
				INFOPLIST_KEY_UIApplicationSceneManifest_Generation = YES;
				INFOPLIST_KEY_UIApplicationSupportsIndirectInputEvents = YES;
				INFOPLIST_KEY_UILaunchScreen_Generation = YES;
				INFOPLIST_KEY_UISupportedInterfaceOrientations_iPad = "UIInterfaceOrientationPortrait UIInterfaceOrientationPortraitUpsideDown UIInterfaceOrientationLandscapeLeft UIInterfaceOrientationLandscapeRight";
				INFOPLIST_KEY_UISupportedInterfaceOrientations_iPhone = "UIInterfaceOrientationPortrait UIInterfaceOrientationLandscapeLeft UIInterfaceOrientationLandscapeRight";
				LD_RUNPATH_SEARCH_PATHS = (
					"$(inherited)",
					"@executable_path/Frameworks",
				);
				MARKETING_VERSION = 1.0;
				PRODUCT_BUNDLE_IDENTIFIER = "SergeyKuznetsov.WB-HomeWork";
				PRODUCT_NAME = "$(TARGET_NAME)";
				SWIFT_EMIT_LOC_STRINGS = YES;
				SWIFT_VERSION = 5.0;
				TARGETED_DEVICE_FAMILY = "1,2";
			};
			name = Debug;
		};
		15FAA9EC2C4DB599008B56EC /* Release */ = {
			isa = XCBuildConfiguration;
			buildSettings = {
				ASSETCATALOG_COMPILER_APPICON_NAME = AppIcon;
				ASSETCATALOG_COMPILER_GLOBAL_ACCENT_COLOR_NAME = AccentColor;
				CODE_SIGN_STYLE = Automatic;
				CURRENT_PROJECT_VERSION = 1;
				DEVELOPMENT_ASSET_PATHS = "\"WB_HomeWork/Preview Content\"";
				DEVELOPMENT_TEAM = WM2J5647TH;
				ENABLE_PREVIEWS = YES;
				GENERATE_INFOPLIST_FILE = YES;
				INFOPLIST_FILE = "WB-HomeWork-Info.plist";
				INFOPLIST_KEY_UIApplicationSceneManifest_Generation = YES;
				INFOPLIST_KEY_UIApplicationSupportsIndirectInputEvents = YES;
				INFOPLIST_KEY_UILaunchScreen_Generation = YES;
				INFOPLIST_KEY_UISupportedInterfaceOrientations_iPad = "UIInterfaceOrientationPortrait UIInterfaceOrientationPortraitUpsideDown UIInterfaceOrientationLandscapeLeft UIInterfaceOrientationLandscapeRight";
				INFOPLIST_KEY_UISupportedInterfaceOrientations_iPhone = "UIInterfaceOrientationPortrait UIInterfaceOrientationLandscapeLeft UIInterfaceOrientationLandscapeRight";
				LD_RUNPATH_SEARCH_PATHS = (
					"$(inherited)",
					"@executable_path/Frameworks",
				);
				MARKETING_VERSION = 1.0;
				PRODUCT_BUNDLE_IDENTIFIER = "SergeyKuznetsov.WB-HomeWork";
				PRODUCT_NAME = "$(TARGET_NAME)";
				SWIFT_EMIT_LOC_STRINGS = YES;
				SWIFT_VERSION = 5.0;
				TARGETED_DEVICE_FAMILY = "1,2";
			};
			name = Release;
		};
/* End XCBuildConfiguration section */

/* Begin XCConfigurationList section */
		15FAA9D72C4DB596008B56EC /* Build configuration list for PBXProject "WB_HomeWork" */ = {
			isa = XCConfigurationList;
			buildConfigurations = (
				15FAA9E82C4DB599008B56EC /* Debug */,
				15FAA9E92C4DB599008B56EC /* Release */,
			);
			defaultConfigurationIsVisible = 0;
			defaultConfigurationName = Release;
		};
		15FAA9EA2C4DB599008B56EC /* Build configuration list for PBXNativeTarget "WB_HomeWork" */ = {
			isa = XCConfigurationList;
			buildConfigurations = (
				15FAA9EB2C4DB599008B56EC /* Debug */,
				15FAA9EC2C4DB599008B56EC /* Release */,
			);
			defaultConfigurationIsVisible = 0;
			defaultConfigurationName = Release;
		};
/* End XCConfigurationList section */
	};
	rootObject = 15FAA9D42C4DB596008B56EC /* Project object */;
}
